<Solution>
  <Project Path="../eCommerce.SharedLibrary/eCommerce.SharedLibrary/eCommerce.SharedLibrary.csproj" />
  <Project Path="Authentication.Application/Authentication.Application.csproj" />
  <Project Path="Authentication.Domain/Authentication.Domain.csproj" />
  <Project Path="Authentication.Infrastructure/Authentication.Infrastructure.csproj" />
  <Project Path="Authentication.Presentation/Authentication.Presentation.csproj" />
</Solution>
